
Microsoft Visual Studio Solution File, Format Version 12.00
# Visual Studio Version 16
VisualStudioVersion = 16.0.29613.14
MinimumVisualStudioVersion = 10.0.40219.1
Project("{FAE04EC0-301F-11D3-BF4B-00C04F79EFBC}") = "Inventory_Project", "Inventory_Project\Inventory_Project.csproj", "{8350CC34-5027-4897-A343-5FF1F9094378}"
EndProject
Global
	GlobalSection(SolutionConfigurationPlatforms) = preSolution
		Debug|Any CPU = Debug|Any CPU
		Release|Any CPU = Release|Any CPU
	EndGlobalSection
	GlobalSection(ProjectConfigurationPlatforms) = postSolution
		{8350CC34-5027-4897-A343-5FF1F9094378}.Debug|Any CPU.ActiveCfg = Debug|Any CPU
		{8350CC34-5027-4897-A343-5FF1F9094378}.Debug|Any CPU.Build.0 = Debug|Any CPU
		{8350CC34-5027-4897-A343-5FF1F9094378}.Release|Any CPU.ActiveCfg = Release|Any CPU
		{8350CC34-5027-4897-A343-5FF1F9094378}.Release|Any CPU.Build.0 = Release|Any CPU
	EndGlobalSection
	GlobalSection(SolutionProperties) = preSolution
		HideSolutionNode = FALSE
	EndGlobalSection
	GlobalSection(ExtensibilityGlobals) = postSolution
		SolutionGuid = {757F9B11-6988-44B8-A352-EE35E743B265}
	EndGlobalSection
EndGlobal
